# THIS IS AN AUTOGENERATED FILE. DO NOT EDIT THIS FILE DIRECTLY.
# yarn lockfile v1


fsevents@~2.3.1:
  version "2.3.2"
  resolved "http://registry.m.jd.com/fsevents/download/fsevents-2.3.2.tgz#8a526f78b8fdf4623b709e0b975c52c24c02fd1a"
  integrity sha1-ilJveLj99GI7cJ4Ll1xSwkwC/Ro=

rollup@^2.45.2:
  version "2.45.2"
  resolved "http://registry.m.jd.com/rollup/download/rollup-2.45.2.tgz#8fb85917c9f35605720e92328f3ccbfba6f78b48"
  integrity sha1-j7hZF8nzVgVyDpIyjzzL+6b3i0g=
  optionalDependencies:
    fsevents "~2.3.1"
